{
  "originHash" : "34a3e98bbae5d338052c6668bcd6cfec2f4d1331561a82adc058dc990a4677a9",
  "pins" : [
    {
      "identity" : "wwhud",
      "kind" : "remoteSourceControl",
      "location" : "https://github.com/William-Weng/WWHUD",
      "state" : {
        "revision" : "d1bb08c55e676e969c804a659867ba267739544f",
        "version" : "1.4.2"
      }
    }
  ],
  "version" : 3
}
