{
  "object": {
    "pins": [
      {
        "package": "WWHUD",
        "repositoryURL": "https://github.com/William-Weng/WWHUD.git",
        "state": {
          "branch": null,
          "revision": "44293dee39f020603776fcf4fd0c299dbdf21bb0",
          "version": "1.0.0"
        }
      },
      {
        "package": "WWPrint",
        "repositoryURL": "https://github.com/William-Weng/WWPrint",
        "state": {
          "branch": null,
          "revision": "e4ad2863717465f224aa676f10a3a7ff1df58f7c",
          "version": "1.0.0"
        }
      }
    ]
  },
  "version": 1
}
